<Solution>
    <Project
            Path="src/SolidLangCompiler/SolidLangCompiler.csproj"/>
    <Project
            Path="test/SolidLangCompiler.UnitTests/SolidLangCompiler.UnitTests.csproj"/>
    <Project
            Path="test/SolidLangCompiler.IntegrationTests/SolidLangCompiler.IntegrationTests.csproj"/>
</Solution>
